
Microsoft Visual Studio Solution File, Format Version 12.00
# Visual Studio Version 17
VisualStudioVersion = 17.0.32014.148
MinimumVisualStudioVersion = 10.0.40219.1
Project("{FAE04EC0-301F-11D3-BF4B-00C04F79EFBC}") = "WPFAppSample", "WPFAppSample\WPFAppSample.csproj", "{3ACBB1B1-FD94-4739-A7F6-CB5E10FD1447}"
EndProject
Global
	GlobalSection(SolutionConfigurationPlatforms) = preSolution
		Debug|Any CPU = Debug|Any CPU
		Release|Any CPU = Release|Any CPU
	EndGlobalSection
	GlobalSection(ProjectConfigurationPlatforms) = postSolution
		{3ACBB1B1-FD94-4739-A7F6-CB5E10FD1447}.Debug|Any CPU.ActiveCfg = Debug|Any CPU
		{3ACBB1B1-FD94-4739-A7F6-CB5E10FD1447}.Debug|Any CPU.Build.0 = Debug|Any CPU
		{3ACBB1B1-FD94-4739-A7F6-CB5E10FD1447}.Release|Any CPU.ActiveCfg = Release|Any CPU
		{3ACBB1B1-FD94-4739-A7F6-CB5E10FD1447}.Release|Any CPU.Build.0 = Release|Any CPU
	EndGlobalSection
	GlobalSection(SolutionProperties) = preSolution
		HideSolutionNode = FALSE
	EndGlobalSection
	GlobalSection(ExtensibilityGlobals) = postSolution
		SolutionGuid = {D569C039-F37B-4A99-8717-AC0B28D5B23D}
	EndGlobalSection
EndGlobal
